
Microsoft Visual Studio Solution File, Format Version 12.00
# Visual Studio Version 16
VisualStudioVersion = 16.0.31727.386
MinimumVisualStudioVersion = 10.0.40219.1
Project("{FAE04EC0-301F-11D3-BF4B-00C04F79EFBC}") = "HW4_FinalTask2", "HW4_FinalTask2\HW4_FinalTask2.csproj", "{3522F3BF-F5CF-413C-9124-30A6AF552BEE}"
EndProject
Global
	GlobalSection(SolutionConfigurationPlatforms) = preSolution
		Debug|Any CPU = Debug|Any CPU
		Release|Any CPU = Release|Any CPU
	EndGlobalSection
	GlobalSection(ProjectConfigurationPlatforms) = postSolution
		{3522F3BF-F5CF-413C-9124-30A6AF552BEE}.Debug|Any CPU.ActiveCfg = Debug|Any CPU
		{3522F3BF-F5CF-413C-9124-30A6AF552BEE}.Debug|Any CPU.Build.0 = Debug|Any CPU
		{3522F3BF-F5CF-413C-9124-30A6AF552BEE}.Release|Any CPU.ActiveCfg = Release|Any CPU
		{3522F3BF-F5CF-413C-9124-30A6AF552BEE}.Release|Any CPU.Build.0 = Release|Any CPU
	EndGlobalSection
	GlobalSection(SolutionProperties) = preSolution
		HideSolutionNode = FALSE
	EndGlobalSection
	GlobalSection(ExtensibilityGlobals) = postSolution
		SolutionGuid = {87E5EAB6-3864-40A9-923B-EC688AD6B2C5}
	EndGlobalSection
EndGlobal
